// !$*UTF8*$!
{
	archiveVersion = 1;
	classes = {
	};
	objectVersion = 54;
	objects = {

/* Begin PBXBuildFile section */
		F2E56E35264AAA5100BC2B8B /* AppDelegate.swift in Sources */ = {isa = PBXBuildFile; fileRef = F2E56E34264AAA5100BC2B8B /* AppDelegate.swift */; };
		F2E56E37264AAA5100BC2B8B /* SceneDelegate.swift in Sources */ = {isa = PBXBuildFile; fileRef = F2E56E36264AAA5100BC2B8B /* SceneDelegate.swift */; };
		F2E56E3C264AAA5100BC2B8B /* Main.storyboard in Resources */ = {isa = PBXBuildFile; fileRef = F2E56E3A264AAA5100BC2B8B /* Main.storyboard */; };
		F2E56E3E264AAA5200BC2B8B /* Assets.xcassets in Resources */ = {isa = PBXBuildFile; fileRef = F2E56E3D264AAA5200BC2B8B /* Assets.xcassets */; };
		F2E56E41264AAA5200BC2B8B /* LaunchScreen.storyboard in Resources */ = {isa = PBXBuildFile; fileRef = F2E56E3F264AAA5200BC2B8B /* LaunchScreen.storyboard */; };
		F2E56E4C264AAA5200BC2B8B /* TaRestTests.swift in Sources */ = {isa = PBXBuildFile; fileRef = F2E56E4B264AAA5200BC2B8B /* TaRestTests.swift */; };
		F2E56E57264AAA5200BC2B8B /* TaRestUITests.swift in Sources */ = {isa = PBXBuildFile; fileRef = F2E56E56264AAA5200BC2B8B /* TaRestUITests.swift */; };
		F2E56E6C264AC06000BC2B8B /* MainViewController.swift in Sources */ = {isa = PBXBuildFile; fileRef = F2E56E6B264AC06000BC2B8B /* MainViewController.swift */; };
		F2E56E6D264AC06000BC2B8B /* MainViewController.swift in Sources */ = {isa = PBXBuildFile; fileRef = F2E56E6B264AC06000BC2B8B /* MainViewController.swift */; };
		F2E56E6E264AC06000BC2B8B /* MainViewController.swift in Sources */ = {isa = PBXBuildFile; fileRef = F2E56E6B264AC06000BC2B8B /* MainViewController.swift */; };
		F2E56E72264B0A4F00BC2B8B /* Assets.xcassets in Resources */ = {isa = PBXBuildFile; fileRef = F2E56E3D264AAA5200BC2B8B /* Assets.xcassets */; };
		F2E56E73264B0A5000BC2B8B /* Assets.xcassets in Resources */ = {isa = PBXBuildFile; fileRef = F2E56E3D264AAA5200BC2B8B /* Assets.xcassets */; };
/* End PBXBuildFile section */

/* Begin PBXContainerItemProxy section */
		F2E56E48264AAA5200BC2B8B /* PBXContainerItemProxy */ = {
			isa = PBXContainerItemProxy;
			containerPortal = F2E56E29264AAA5100BC2B8B /* Project object */;
			proxyType = 1;
			remoteGlobalIDString = F2E56E30264AAA5100BC2B8B;
			remoteInfo = TaRest;
		};
		F2E56E53264AAA5200BC2B8B /* PBXContainerItemProxy */ = {
			isa = PBXContainerItemProxy;
			containerPortal = F2E56E29264AAA5100BC2B8B /* Project object */;
			proxyType = 1;
			remoteGlobalIDString = F2E56E30264AAA5100BC2B8B;
			remoteInfo = TaRest;
		};
/* End PBXContainerItemProxy section */

/* Begin PBXFileReference section */
		F2E56E31264AAA5100BC2B8B /* TaRest.app */ = {isa = PBXFileReference; explicitFileType = wrapper.application; includeInIndex = 0; path = TaRest.app; sourceTree = BUILT_PRODUCTS_DIR; };
		F2E56E34264AAA5100BC2B8B /* AppDelegate.swift */ = {isa = PBXFileReference; lastKnownFileType = sourcecode.swift; path = AppDelegate.swift; sourceTree = "<group>"; };
		F2E56E36264AAA5100BC2B8B /* SceneDelegate.swift */ = {isa = PBXFileReference; lastKnownFileType = sourcecode.swift; path = SceneDelegate.swift; sourceTree = "<group>"; };
		F2E56E3B264AAA5100BC2B8B /* Base */ = {isa = PBXFileReference; lastKnownFileType = file.storyboard; name = Base; path = Base.lproj/Main.storyboard; sourceTree = "<group>"; };
		F2E56E3D264AAA5200BC2B8B /* Assets.xcassets */ = {isa = PBXFileReference; lastKnownFileType = folder.assetcatalog; path = Assets.xcassets; sourceTree = "<group>"; };
		F2E56E40264AAA5200BC2B8B /* Base */ = {isa = PBXFileReference; lastKnownFileType = file.storyboard; name = Base; path = Base.lproj/LaunchScreen.storyboard; sourceTree = "<group>"; };
		F2E56E42264AAA5200BC2B8B /* Info.plist */ = {isa = PBXFileReference; lastKnownFileType = text.plist.xml; path = Info.plist; sourceTree = "<group>"; };
		F2E56E47264AAA5200BC2B8B /* TaRestTests.xctest */ = {isa = PBXFileReference; explicitFileType = wrapper.cfbundle; includeInIndex = 0; path = TaRestTests.xctest; sourceTree = BUILT_PRODUCTS_DIR; };
		F2E56E4B264AAA5200BC2B8B /* TaRestTests.swift */ = {isa = PBXFileReference; lastKnownFileType = sourcecode.swift; path = TaRestTests.swift; sourceTree = "<group>"; };
		F2E56E4D264AAA5200BC2B8B /* Info.plist */ = {isa = PBXFileReference; lastKnownFileType = text.plist.xml; path = Info.plist; sourceTree = "<group>"; };
		F2E56E52264AAA5200BC2B8B /* TaRestUITests.xctest */ = {isa = PBXFileReference; explicitFileType = wrapper.cfbundle; includeInIndex = 0; path = TaRestUITests.xctest; sourceTree = BUILT_PRODUCTS_DIR; };
		F2E56E56264AAA5200BC2B8B /* TaRestUITests.swift */ = {isa = PBXFileReference; lastKnownFileType = sourcecode.swift; path = TaRestUITests.swift; sourceTree = "<group>"; };
		F2E56E58264AAA5200BC2B8B /* Info.plist */ = {isa = PBXFileReference; lastKnownFileType = text.plist.xml; path = Info.plist; sourceTree = "<group>"; };
		F2E56E6B264AC06000BC2B8B /* MainViewController.swift */ = {isa = PBXFileReference; lastKnownFileType = sourcecode.swift; name = MainViewController.swift; path = ../MainViewController.swift; sourceTree = "<group>"; };
/* End PBXFileReference section */

/* Begin PBXFrameworksBuildPhase section */
		F2E56E2E264AAA5100BC2B8B /* Frameworks */ = {
			isa = PBXFrameworksBuildPhase;
			buildActionMask = 2147483647;
			files = (
			);
			runOnlyForDeploymentPostprocessing = 0;
		};
		F2E56E44264AAA5200BC2B8B /* Frameworks */ = {
			isa = PBXFrameworksBuildPhase;
			buildActionMask = 2147483647;
			files = (
			);
			runOnlyForDeploymentPostprocessing = 0;
		};
		F2E56E4F264AAA5200BC2B8B /* Frameworks */ = {
			isa = PBXFrameworksBuildPhase;
			buildActionMask = 2147483647;
			files = (
			);
			runOnlyForDeploymentPostprocessing = 0;
		};
/* End PBXFrameworksBuildPhase section */

/* Begin PBXGroup section */
		F2E56E28264AAA5100BC2B8B = {
			isa = PBXGroup;
			children = (
				F2E56E33264AAA5100BC2B8B /* TaRest */,
				F2E56E4A264AAA5200BC2B8B /* TaRestTests */,
				F2E56E55264AAA5200BC2B8B /* TaRestUITests */,
				F2E56E32264AAA5100BC2B8B /* Products */,
			);
			sourceTree = "<group>";
		};
		F2E56E32264AAA5100BC2B8B /* Products */ = {
			isa = PBXGroup;
			children = (
				F2E56E31264AAA5100BC2B8B /* TaRest.app */,
				F2E56E47264AAA5200BC2B8B /* TaRestTests.xctest */,
				F2E56E52264AAA5200BC2B8B /* TaRestUITests.xctest */,
			);
			name = Products;
			sourceTree = "<group>";
		};
		F2E56E33264AAA5100BC2B8B /* TaRest */ = {
			isa = PBXGroup;
			children = (
				F2E56E79264B283F00BC2B8B /* Support */,
				F2E56E74264B269A00BC2B8B /* Base App */,
				F2E56E75264B271100BC2B8B /* UI */,
			);
			path = TaRest;
			sourceTree = "<group>";
		};
		F2E56E4A264AAA5200BC2B8B /* TaRestTests */ = {
			isa = PBXGroup;
			children = (
				F2E56E4B264AAA5200BC2B8B /* TaRestTests.swift */,
				F2E56E4D264AAA5200BC2B8B /* Info.plist */,
			);
			path = TaRestTests;
			sourceTree = "<group>";
		};
		F2E56E55264AAA5200BC2B8B /* TaRestUITests */ = {
			isa = PBXGroup;
			children = (
				F2E56E56264AAA5200BC2B8B /* TaRestUITests.swift */,
				F2E56E58264AAA5200BC2B8B /* Info.plist */,
			);
			path = TaRestUITests;
			sourceTree = "<group>";
		};
		F2E56E74264B269A00BC2B8B /* Base App */ = {
			isa = PBXGroup;
			children = (
				F2E56E34264AAA5100BC2B8B /* AppDelegate.swift */,
				F2E56E36264AAA5100BC2B8B /* SceneDelegate.swift */,
			);
			path = "Base App";
			sourceTree = "<group>";
		};
		F2E56E75264B271100BC2B8B /* UI */ = {
			isa = PBXGroup;
			children = (
				F2E56E3F264AAA5200BC2B8B /* LaunchScreen.storyboard */,
				F2E56E3A264AAA5100BC2B8B /* Main.storyboard */,
				F2E56E76264B272600BC2B8B /* Main */,
			);
			path = UI;
			sourceTree = "<group>";
		};
		F2E56E76264B272600BC2B8B /* Main */ = {
			isa = PBXGroup;
			children = (
				F2E56E6B264AC06000BC2B8B /* MainViewController.swift */,
			);
			name = Main;
			sourceTree = "<group>";
		};
		F2E56E79264B283F00BC2B8B /* Support */ = {
			isa = PBXGroup;
			children = (
				F2E56E3D264AAA5200BC2B8B /* Assets.xcassets */,
				F2E56E42264AAA5200BC2B8B /* Info.plist */,
			);
			path = Support;
			sourceTree = "<group>";
		};
/* End PBXGroup section */

/* Begin PBXNativeTarget section */
		F2E56E30264AAA5100BC2B8B /* TaRest */ = {
			isa = PBXNativeTarget;
			buildConfigurationList = F2E56E5B264AAA5200BC2B8B /* Build configuration list for PBXNativeTarget "TaRest" */;
			buildPhases = (
				F2E56E2D264AAA5100BC2B8B /* Sources */,
				F2E56E2E264AAA5100BC2B8B /* Frameworks */,
				F2E56E2F264AAA5100BC2B8B /* Resources */,
				F2E56E64264AAAAE00BC2B8B /* ShellScript */,
			);
			buildRules = (
			);
			dependencies = (
			);
			name = TaRest;
			productName = TaRest;
			productReference = F2E56E31264AAA5100BC2B8B /* TaRest.app */;
			productType = "com.apple.product-type.application";
		};
		F2E56E46264AAA5200BC2B8B /* TaRestTests */ = {
			isa = PBXNativeTarget;
			buildConfigurationList = F2E56E5E264AAA5200BC2B8B /* Build configuration list for PBXNativeTarget "TaRestTests" */;
			buildPhases = (
				F2E56E43264AAA5200BC2B8B /* Sources */,
				F2E56E44264AAA5200BC2B8B /* Frameworks */,
				F2E56E45264AAA5200BC2B8B /* Resources */,
			);
			buildRules = (
			);
			dependencies = (
				F2E56E49264AAA5200BC2B8B /* PBXTargetDependency */,
			);
			name = TaRestTests;
			productName = TaRestTests;
			productReference = F2E56E47264AAA5200BC2B8B /* TaRestTests.xctest */;
			productType = "com.apple.product-type.bundle.unit-test";
		};
		F2E56E51264AAA5200BC2B8B /* TaRestUITests */ = {
			isa = PBXNativeTarget;
			buildConfigurationList = F2E56E61264AAA5200BC2B8B /* Build configuration list for PBXNativeTarget "TaRestUITests" */;
			buildPhases = (
				F2E56E4E264AAA5200BC2B8B /* Sources */,
				F2E56E4F264AAA5200BC2B8B /* Frameworks */,
				F2E56E50264AAA5200BC2B8B /* Resources */,
			);
			buildRules = (
			);
			dependencies = (
				F2E56E54264AAA5200BC2B8B /* PBXTargetDependency */,
			);
			name = TaRestUITests;
			productName = TaRestUITests;
			productReference = F2E56E52264AAA5200BC2B8B /* TaRestUITests.xctest */;
			productType = "com.apple.product-type.bundle.ui-testing";
		};
/* End PBXNativeTarget section */

/* Begin PBXProject section */
		F2E56E29264AAA5100BC2B8B /* Project object */ = {
			isa = PBXProject;
			attributes = {
				LastSwiftUpdateCheck = 1250;
				LastUpgradeCheck = 1250;
				TargetAttributes = {
					F2E56E30264AAA5100BC2B8B = {
						CreatedOnToolsVersion = 12.5;
					};
					F2E56E46264AAA5200BC2B8B = {
						CreatedOnToolsVersion = 12.5;
						TestTargetID = F2E56E30264AAA5100BC2B8B;
					};
					F2E56E51264AAA5200BC2B8B = {
						CreatedOnToolsVersion = 12.5;
						TestTargetID = F2E56E30264AAA5100BC2B8B;
					};
				};
			};
			buildConfigurationList = F2E56E2C264AAA5100BC2B8B /* Build configuration list for PBXProject "TaRest" */;
			compatibilityVersion = "Xcode 12.0";
			developmentRegion = en;
			hasScannedForEncodings = 0;
			knownRegions = (
				en,
				Base,
			);
			mainGroup = F2E56E28264AAA5100BC2B8B;
			productRefGroup = F2E56E32264AAA5100BC2B8B /* Products */;
			projectDirPath = "";
			projectRoot = "";
			targets = (
				F2E56E30264AAA5100BC2B8B /* TaRest */,
				F2E56E46264AAA5200BC2B8B /* TaRestTests */,
				F2E56E51264AAA5200BC2B8B /* TaRestUITests */,
			);
		};
/* End PBXProject section */

/* Begin PBXResourcesBuildPhase section */
		F2E56E2F264AAA5100BC2B8B /* Resources */ = {
			isa = PBXResourcesBuildPhase;
			buildActionMask = 2147483647;
			files = (
				F2E56E41264AAA5200BC2B8B /* LaunchScreen.storyboard in Resources */,
				F2E56E3E264AAA5200BC2B8B /* Assets.xcassets in Resources */,
				F2E56E3C264AAA5100BC2B8B /* Main.storyboard in Resources */,
			);
			runOnlyForDeploymentPostprocessing = 0;
		};
		F2E56E45264AAA5200BC2B8B /* Resources */ = {
			isa = PBXResourcesBuildPhase;
			buildActionMask = 2147483647;
			files = (
				F2E56E72264B0A4F00BC2B8B /* Assets.xcassets in Resources */,
			);
			runOnlyForDeploymentPostprocessing = 0;
		};
		F2E56E50264AAA5200BC2B8B /* Resources */ = {
			isa = PBXResourcesBuildPhase;
			buildActionMask = 2147483647;
			files = (
				F2E56E73264B0A5000BC2B8B /* Assets.xcassets in Resources */,
			);
			runOnlyForDeploymentPostprocessing = 0;
		};
/* End PBXResourcesBuildPhase section */

/* Begin PBXShellScriptBuildPhase section */
		F2E56E64264AAAAE00BC2B8B /* ShellScript */ = {
			isa = PBXShellScriptBuildPhase;
			buildActionMask = 2147483647;
			files = (
			);
			inputFileListPaths = (
			);
			inputPaths = (
			);
			outputFileListPaths = (
			);
			outputPaths = (
			);
			runOnlyForDeploymentPostprocessing = 0;
			shellPath = /bin/sh;
			shellScript = "buildNumber=$(/usr/libexec/PlistBuddy -c \"Print CFBundleVersion\" \"${SRCROOT}/TaRest/Support/info.plist\")\nbuildNumber=$(($buildNumber + 1))\n/usr/libexec/PlistBuddy -c \"Set :CFBundleVersion $buildNumber\" \"${INFOPLIST_FILE}\"\n/usr/libexec/PlistBuddy -c \"Set :CFBundleVersion $buildNumber\" \"${SRCROOT}/TaRest/Support/info.plist\"\n\n";
		};
/* End PBXShellScriptBuildPhase section */

/* Begin PBXSourcesBuildPhase section */
		F2E56E2D264AAA5100BC2B8B /* Sources */ = {
			isa = PBXSourcesBuildPhase;
			buildActionMask = 2147483647;
			files = (
				F2E56E35264AAA5100BC2B8B /* AppDelegate.swift in Sources */,
				F2E56E37264AAA5100BC2B8B /* SceneDelegate.swift in Sources */,
				F2E56E6C264AC06000BC2B8B /* MainViewController.swift in Sources */,
			);
			runOnlyForDeploymentPostprocessing = 0;
		};
		F2E56E43264AAA5200BC2B8B /* Sources */ = {
			isa = PBXSourcesBuildPhase;
			buildActionMask = 2147483647;
			files = (
				F2E56E4C264AAA5200BC2B8B /* TaRestTests.swift in Sources */,
				F2E56E6D264AC06000BC2B8B /* MainViewController.swift in Sources */,
			);
			runOnlyForDeploymentPostprocessing = 0;
		};
		F2E56E4E264AAA5200BC2B8B /* Sources */ = {
			isa = PBXSourcesBuildPhase;
			buildActionMask = 2147483647;
			files = (
				F2E56E57264AAA5200BC2B8B /* TaRestUITests.swift in Sources */,
				F2E56E6E264AC06000BC2B8B /* MainViewController.swift in Sources */,
			);
			runOnlyForDeploymentPostprocessing = 0;
		};
/* End PBXSourcesBuildPhase section */

/* Begin PBXTargetDependency section */
		F2E56E49264AAA5200BC2B8B /* PBXTargetDependency */ = {
			isa = PBXTargetDependency;
			target = F2E56E30264AAA5100BC2B8B /* TaRest */;
			targetProxy = F2E56E48264AAA5200BC2B8B /* PBXContainerItemProxy */;
		};
		F2E56E54264AAA5200BC2B8B /* PBXTargetDependency */ = {
			isa = PBXTargetDependency;
			target = F2E56E30264AAA5100BC2B8B /* TaRest */;
			targetProxy = F2E56E53264AAA5200BC2B8B /* PBXContainerItemProxy */;
		};
/* End PBXTargetDependency section */

/* Begin PBXVariantGroup section */
		F2E56E3A264AAA5100BC2B8B /* Main.storyboard */ = {
			isa = PBXVariantGroup;
			children = (
				F2E56E3B264AAA5100BC2B8B /* Base */,
			);
			name = Main.storyboard;
			sourceTree = "<group>";
		};
		F2E56E3F264AAA5200BC2B8B /* LaunchScreen.storyboard */ = {
			isa = PBXVariantGroup;
			children = (
				F2E56E40264AAA5200BC2B8B /* Base */,
			);
			name = LaunchScreen.storyboard;
			sourceTree = "<group>";
		};
/* End PBXVariantGroup section */

/* Begin XCBuildConfiguration section */
		F2E56E59264AAA5200BC2B8B /* Debug */ = {
			isa = XCBuildConfiguration;
			buildSettings = {
				ALWAYS_SEARCH_USER_PATHS = NO;
				CLANG_ANALYZER_NONNULL = YES;
				CLANG_ANALYZER_NUMBER_OBJECT_CONVERSION = YES_AGGRESSIVE;
				CLANG_CXX_LANGUAGE_STANDARD = "gnu++14";
				CLANG_CXX_LIBRARY = "libc++";
				CLANG_ENABLE_MODULES = YES;
				CLANG_ENABLE_OBJC_ARC = YES;
				CLANG_ENABLE_OBJC_WEAK = YES;
				CLANG_WARN_BLOCK_CAPTURE_AUTORELEASING = YES;
				CLANG_WARN_BOOL_CONVERSION = YES;
				CLANG_WARN_COMMA = YES;
				CLANG_WARN_CONSTANT_CONVERSION = YES;
				CLANG_WARN_DEPRECATED_OBJC_IMPLEMENTATIONS = YES;
				CLANG_WARN_DIRECT_OBJC_ISA_USAGE = YES_ERROR;
				CLANG_WARN_DOCUMENTATION_COMMENTS = YES;
				CLANG_WARN_EMPTY_BODY = YES;
				CLANG_WARN_ENUM_CONVERSION = YES;
				CLANG_WARN_INFINITE_RECURSION = YES;
				CLANG_WARN_INT_CONVERSION = YES;
				CLANG_WARN_NON_LITERAL_NULL_CONVERSION = YES;
				CLANG_WARN_OBJC_IMPLICIT_RETAIN_SELF = YES;
				CLANG_WARN_OBJC_LITERAL_CONVERSION = YES;
				CLANG_WARN_OBJC_ROOT_CLASS = YES_ERROR;
				CLANG_WARN_QUOTED_INCLUDE_IN_FRAMEWORK_HEADER = YES;
				CLANG_WARN_RANGE_LOOP_ANALYSIS = YES;
				CLANG_WARN_STRICT_PROTOTYPES = YES;
				CLANG_WARN_SUSPICIOUS_MOVE = YES;
				CLANG_WARN_UNGUARDED_AVAILABILITY = YES_AGGRESSIVE;
				CLANG_WARN_UNREACHABLE_CODE = YES;
				CLANG_WARN__DUPLICATE_METHOD_MATCH = YES;
				COPY_PHASE_STRIP = NO;
				DEBUG_INFORMATION_FORMAT = dwarf;
				ENABLE_STRICT_OBJC_MSGSEND = YES;
				ENABLE_TESTABILITY = YES;
				GCC_C_LANGUAGE_STANDARD = gnu11;
				GCC_DYNAMIC_NO_PIC = NO;
				GCC_NO_COMMON_BLOCKS = YES;
				GCC_OPTIMIZATION_LEVEL = 0;
				GCC_PREPROCESSOR_DEFINITIONS = (
					"DEBUG=1",
					"$(inherited)",
				);
				GCC_WARN_64_TO_32_BIT_CONVERSION = YES;
				GCC_WARN_ABOUT_RETURN_TYPE = YES_ERROR;
				GCC_WARN_UNDECLARED_SELECTOR = YES;
				GCC_WARN_UNINITIALIZED_AUTOS = YES_AGGRESSIVE;
				GCC_WARN_UNUSED_FUNCTION = YES;
				GCC_WARN_UNUSED_VARIABLE = YES;
				IPHONEOS_DEPLOYMENT_TARGET = 13.0;
				MTL_ENABLE_DEBUG_INFO = INCLUDE_SOURCE;
				MTL_FAST_MATH = YES;
				ONLY_ACTIVE_ARCH = YES;
				SDKROOT = iphoneos;
				SWIFT_ACTIVE_COMPILATION_CONDITIONS = DEBUG;
				SWIFT_OPTIMIZATION_LEVEL = "-Onone";
				SWIFT_VERSION = 5.0;
			};
			name = Debug;
		};
		F2E56E5A264AAA5200BC2B8B /* Release */ = {
			isa = XCBuildConfiguration;
			buildSettings = {
				ALWAYS_SEARCH_USER_PATHS = NO;
				CLANG_ANALYZER_NONNULL = YES;
				CLANG_ANALYZER_NUMBER_OBJECT_CONVERSION = YES_AGGRESSIVE;
				CLANG_CXX_LANGUAGE_STANDARD = "gnu++14";
				CLANG_CXX_LIBRARY = "libc++";
				CLANG_ENABLE_MODULES = YES;
				CLANG_ENABLE_OBJC_ARC = YES;
				CLANG_ENABLE_OBJC_WEAK = YES;
				CLANG_WARN_BLOCK_CAPTURE_AUTORELEASING = YES;
				CLANG_WARN_BOOL_CONVERSION = YES;
				CLANG_WARN_COMMA = YES;
				CLANG_WARN_CONSTANT_CONVERSION = YES;
				CLANG_WARN_DEPRECATED_OBJC_IMPLEMENTATIONS = YES;
				CLANG_WARN_DIRECT_OBJC_ISA_USAGE = YES_ERROR;
				CLANG_WARN_DOCUMENTATION_COMMENTS = YES;
				CLANG_WARN_EMPTY_BODY = YES;
				CLANG_WARN_ENUM_CONVERSION = YES;
				CLANG_WARN_INFINITE_RECURSION = YES;
				CLANG_WARN_INT_CONVERSION = YES;
				CLANG_WARN_NON_LITERAL_NULL_CONVERSION = YES;
				CLANG_WARN_OBJC_IMPLICIT_RETAIN_SELF = YES;
				CLANG_WARN_OBJC_LITERAL_CONVERSION = YES;
				CLANG_WARN_OBJC_ROOT_CLASS = YES_ERROR;
				CLANG_WARN_QUOTED_INCLUDE_IN_FRAMEWORK_HEADER = YES;
				CLANG_WARN_RANGE_LOOP_ANALYSIS = YES;
				CLANG_WARN_STRICT_PROTOTYPES = YES;
				CLANG_WARN_SUSPICIOUS_MOVE = YES;
				CLANG_WARN_UNGUARDED_AVAILABILITY = YES_AGGRESSIVE;
				CLANG_WARN_UNREACHABLE_CODE = YES;
				CLANG_WARN__DUPLICATE_METHOD_MATCH = YES;
				COPY_PHASE_STRIP = NO;
				DEBUG_INFORMATION_FORMAT = "dwarf-with-dsym";
				ENABLE_NS_ASSERTIONS = NO;
				ENABLE_STRICT_OBJC_MSGSEND = YES;
				GCC_C_LANGUAGE_STANDARD = gnu11;
				GCC_NO_COMMON_BLOCKS = YES;
				GCC_OPTIMIZATION_LEVEL = 3;
				GCC_WARN_64_TO_32_BIT_CONVERSION = YES;
				GCC_WARN_ABOUT_RETURN_TYPE = YES_ERROR;
				GCC_WARN_UNDECLARED_SELECTOR = YES;
				GCC_WARN_UNINITIALIZED_AUTOS = YES_AGGRESSIVE;
				GCC_WARN_UNUSED_FUNCTION = YES;
				GCC_WARN_UNUSED_VARIABLE = YES;
				IPHONEOS_DEPLOYMENT_TARGET = 13.0;
				MTL_ENABLE_DEBUG_INFO = NO;
				MTL_FAST_MATH = YES;
				SDKROOT = iphoneos;
				SWIFT_COMPILATION_MODE = wholemodule;
				SWIFT_OPTIMIZATION_LEVEL = "-O";
				SWIFT_VERSION = 5.0;
				VALIDATE_PRODUCT = YES;
			};
			name = Release;
		};
		F2E56E5C264AAA5200BC2B8B /* Debug */ = {
			isa = XCBuildConfiguration;
			buildSettings = {
				ASSETCATALOG_COMPILER_APPICON_NAME = AppIcon;
				ASSETCATALOG_COMPILER_GLOBAL_ACCENT_COLOR_NAME = AccentColor;
				CODE_SIGN_STYLE = Automatic;
				DEVELOPMENT_TEAM = C324576AHA;
				INFOPLIST_FILE = TaRest/Support/Info.plist;
				IPHONEOS_DEPLOYMENT_TARGET = 13.0;
				LD_RUNPATH_SEARCH_PATHS = (
					"$(inherited)",
					"@executable_path/Frameworks",
				);
				PRODUCT_BUNDLE_IDENTIFIER = org.HoBrink.TaRest;
				PRODUCT_NAME = "$(TARGET_NAME)";
				SWIFT_VERSION = 5.0;
				TARGETED_DEVICE_FAMILY = "1,2";
			};
			name = Debug;
		};
		F2E56E5D264AAA5200BC2B8B /* Release */ = {
			isa = XCBuildConfiguration;
			buildSettings = {
				ASSETCATALOG_COMPILER_APPICON_NAME = AppIcon;
				ASSETCATALOG_COMPILER_GLOBAL_ACCENT_COLOR_NAME = AccentColor;
				CODE_SIGN_STYLE = Automatic;
				DEVELOPMENT_TEAM = C324576AHA;
				INFOPLIST_FILE = TaRest/Support/Info.plist;
				IPHONEOS_DEPLOYMENT_TARGET = 13.0;
				LD_RUNPATH_SEARCH_PATHS = (
					"$(inherited)",
					"@executable_path/Frameworks",
				);
				PRODUCT_BUNDLE_IDENTIFIER = org.HoBrink.TaRest;
				PRODUCT_NAME = "$(TARGET_NAME)";
				SWIFT_VERSION = 5.0;
				TARGETED_DEVICE_FAMILY = "1,2";
			};
			name = Release;
		};
		F2E56E5F264AAA5200BC2B8B /* Debug */ = {
			isa = XCBuildConfiguration;
			buildSettings = {
				ALWAYS_EMBED_SWIFT_STANDARD_LIBRARIES = YES;
				BUNDLE_LOADER = "$(TEST_HOST)";
				CODE_SIGN_STYLE = Automatic;
				DEVELOPMENT_TEAM = C324576AHA;
				INFOPLIST_FILE = TaRestTests/Info.plist;
				IPHONEOS_DEPLOYMENT_TARGET = 14.5;
				LD_RUNPATH_SEARCH_PATHS = (
					"$(inherited)",
					"@executable_path/Frameworks",
					"@loader_path/Frameworks",
				);
				PRODUCT_BUNDLE_IDENTIFIER = org.HoBrink.TaRestTests;
				PRODUCT_NAME = "$(TARGET_NAME)";
				SWIFT_VERSION = 5.0;
				TARGETED_DEVICE_FAMILY = "1,2";
				TEST_HOST = "$(BUILT_PRODUCTS_DIR)/TaRest.app/TaRest";
			};
			name = Debug;
		};
		F2E56E60264AAA5200BC2B8B /* Release */ = {
			isa = XCBuildConfiguration;
			buildSettings = {
				ALWAYS_EMBED_SWIFT_STANDARD_LIBRARIES = YES;
				BUNDLE_LOADER = "$(TEST_HOST)";
				CODE_SIGN_STYLE = Automatic;
				DEVELOPMENT_TEAM = C324576AHA;
				INFOPLIST_FILE = TaRestTests/Info.plist;
				IPHONEOS_DEPLOYMENT_TARGET = 14.5;
				LD_RUNPATH_SEARCH_PATHS = (
					"$(inherited)",
					"@executable_path/Frameworks",
					"@loader_path/Frameworks",
				);
				PRODUCT_BUNDLE_IDENTIFIER = org.HoBrink.TaRestTests;
				PRODUCT_NAME = "$(TARGET_NAME)";
				SWIFT_VERSION = 5.0;
				TARGETED_DEVICE_FAMILY = "1,2";
				TEST_HOST = "$(BUILT_PRODUCTS_DIR)/TaRest.app/TaRest";
			};
			name = Release;
		};
		F2E56E62264AAA5200BC2B8B /* Debug */ = {
			isa = XCBuildConfiguration;
			buildSettings = {
				ALWAYS_EMBED_SWIFT_STANDARD_LIBRARIES = YES;
				CODE_SIGN_STYLE = Automatic;
				DEVELOPMENT_TEAM = C324576AHA;
				INFOPLIST_FILE = TaRestUITests/Info.plist;
				LD_RUNPATH_SEARCH_PATHS = (
					"$(inherited)",
					"@executable_path/Frameworks",
					"@loader_path/Frameworks",
				);
				PRODUCT_BUNDLE_IDENTIFIER = org.HoBrink.TaRestUITests;
				PRODUCT_NAME = "$(TARGET_NAME)";
				SWIFT_VERSION = 5.0;
				TARGETED_DEVICE_FAMILY = "1,2";
				TEST_TARGET_NAME = TaRest;
			};
			name = Debug;
		};
		F2E56E63264AAA5200BC2B8B /* Release */ = {
			isa = XCBuildConfiguration;
			buildSettings = {
				ALWAYS_EMBED_SWIFT_STANDARD_LIBRARIES = YES;
				CODE_SIGN_STYLE = Automatic;
				DEVELOPMENT_TEAM = C324576AHA;
				INFOPLIST_FILE = TaRestUITests/Info.plist;
				LD_RUNPATH_SEARCH_PATHS = (
					"$(inherited)",
					"@executable_path/Frameworks",
					"@loader_path/Frameworks",
				);
				PRODUCT_BUNDLE_IDENTIFIER = org.HoBrink.TaRestUITests;
				PRODUCT_NAME = "$(TARGET_NAME)";
				SWIFT_VERSION = 5.0;
				TARGETED_DEVICE_FAMILY = "1,2";
				TEST_TARGET_NAME = TaRest;
			};
			name = Release;
		};
/* End XCBuildConfiguration section */

/* Begin XCConfigurationList section */
		F2E56E2C264AAA5100BC2B8B /* Build configuration list for PBXProject "TaRest" */ = {
			isa = XCConfigurationList;
			buildConfigurations = (
				F2E56E59264AAA5200BC2B8B /* Debug */,
				F2E56E5A264AAA5200BC2B8B /* Release */,
			);
			defaultConfigurationIsVisible = 0;
			defaultConfigurationName = Release;
		};
		F2E56E5B264AAA5200BC2B8B /* Build configuration list for PBXNativeTarget "TaRest" */ = {
			isa = XCConfigurationList;
			buildConfigurations = (
				F2E56E5C264AAA5200BC2B8B /* Debug */,
				F2E56E5D264AAA5200BC2B8B /* Release */,
			);
			defaultConfigurationIsVisible = 0;
			defaultConfigurationName = Release;
		};
		F2E56E5E264AAA5200BC2B8B /* Build configuration list for PBXNativeTarget "TaRestTests" */ = {
			isa = XCConfigurationList;
			buildConfigurations = (
				F2E56E5F264AAA5200BC2B8B /* Debug */,
				F2E56E60264AAA5200BC2B8B /* Release */,
			);
			defaultConfigurationIsVisible = 0;
			defaultConfigurationName = Release;
		};
		F2E56E61264AAA5200BC2B8B /* Build configuration list for PBXNativeTarget "TaRestUITests" */ = {
			isa = XCConfigurationList;
			buildConfigurations = (
				F2E56E62264AAA5200BC2B8B /* Debug */,
				F2E56E63264AAA5200BC2B8B /* Release */,
			);
			defaultConfigurationIsVisible = 0;
			defaultConfigurationName = Release;
		};
/* End XCConfigurationList section */
	};
	rootObject = F2E56E29264AAA5100BC2B8B /* Project object */;
}
